
Microsoft Visual Studio Solution File, Format Version 12.00
# Visual Studio 14
VisualStudioVersion = 14.0.24720.0
MinimumVisualStudioVersion = 10.0.40219.1
Project("{FAE04EC0-301F-11D3-BF4B-00C04F79EFBC}") = "BatmanWordCount", "BatmanWordCount\BatmanWordCount.csproj", "{47E4F322-86AD-4309-B3D1-62CD44406544}"
EndProject
Project("{FAE04EC0-301F-11D3-BF4B-00C04F79EFBC}") = "BatmanWordCountTests", "BatmanWordCountTests\BatmanWordCountTests.csproj", "{F9592E9C-1D0A-4C60-B4FE-47552E9B8CE4}"
EndProject
Global
	GlobalSection(SolutionConfigurationPlatforms) = preSolution
		Debug|Any CPU = Debug|Any CPU
		Release|Any CPU = Release|Any CPU
	EndGlobalSection
	GlobalSection(ProjectConfigurationPlatforms) = postSolution
		{47E4F322-86AD-4309-B3D1-62CD44406544}.Debug|Any CPU.ActiveCfg = Debug|Any CPU
		{47E4F322-86AD-4309-B3D1-62CD44406544}.Debug|Any CPU.Build.0 = Debug|Any CPU
		{47E4F322-86AD-4309-B3D1-62CD44406544}.Release|Any CPU.ActiveCfg = Release|Any CPU
		{47E4F322-86AD-4309-B3D1-62CD44406544}.Release|Any CPU.Build.0 = Release|Any CPU
		{F9592E9C-1D0A-4C60-B4FE-47552E9B8CE4}.Debug|Any CPU.ActiveCfg = Debug|Any CPU
		{F9592E9C-1D0A-4C60-B4FE-47552E9B8CE4}.Debug|Any CPU.Build.0 = Debug|Any CPU
		{F9592E9C-1D0A-4C60-B4FE-47552E9B8CE4}.Release|Any CPU.ActiveCfg = Release|Any CPU
		{F9592E9C-1D0A-4C60-B4FE-47552E9B8CE4}.Release|Any CPU.Build.0 = Release|Any CPU
	EndGlobalSection
	GlobalSection(SolutionProperties) = preSolution
		HideSolutionNode = FALSE
	EndGlobalSection
EndGlobal
